# This file is automatically @generated by Cargo.
# It is not intended for manual editing.
[[package]]
name = "crossterm"
version = "0.9.3"
source = "registry+https://github.com/rust-lang/crates.io-index"
dependencies = [
 "crossterm_cursor 0.2.1 (registry+https://github.com/rust-lang/crates.io-index)",
 "crossterm_input 0.3.3 (registry+https://github.com/rust-lang/crates.io-index)",
 "crossterm_screen 0.2.1 (registry+https://github.com/rust-lang/crates.io-index)",
 "crossterm_style 0.3.1 (registry+https://github.com/rust-lang/crates.io-index)",
 "crossterm_terminal 0.2.2 (registry+https://github.com/rust-lang/crates.io-index)",
 "crossterm_utils 0.2.1 (registry+https://github.com/rust-lang/crates.io-index)",
]

[[package]]
name = "crossterm_cursor"
version = "0.2.1"
source = "registry+https://github.com/rust-lang/crates.io-index"
dependencies = [
 "crossterm_utils 0.2.1 (registry+https://github.com/rust-lang/crates.io-index)",
 "crossterm_winapi 0.1.2 (registry+https://github.com/rust-lang/crates.io-index)",
 "winapi 0.3.7 (registry+https://github.com/rust-lang/crates.io-index)",
]

[[package]]
name = "crossterm_input"
version = "0.3.3"
source = "registry+https://github.com/rust-lang/crates.io-index"
dependencies = [
 "crossterm_screen 0.2.1 (registry+https://github.com/rust-lang/crates.io-index)",
 "crossterm_utils 0.2.1 (registry+https://github.com/rust-lang/crates.io-index)",
 "crossterm_winapi 0.1.2 (registry+https://github.com/rust-lang/crates.io-index)",
 "libc 0.2.51 (registry+https://github.com/rust-lang/crates.io-index)",
 "winapi 0.3.7 (registry+https://github.com/rust-lang/crates.io-index)",
]

[[package]]
name = "crossterm_screen"
version = "0.2.1"
source = "registry+https://github.com/rust-lang/crates.io-index"
dependencies = [
 "crossterm_utils 0.2.1 (registry+https://github.com/rust-lang/crates.io-index)",
 "crossterm_winapi 0.1.2 (registry+https://github.com/rust-lang/crates.io-index)",
 "winapi 0.3.7 (registry+https://github.com/rust-lang/crates.io-index)",
]

[[package]]
name = "crossterm_style"
version = "0.3.1"
source = "registry+https://github.com/rust-lang/crates.io-index"
dependencies = [
 "crossterm_utils 0.2.1 (registry+https://github.com/rust-lang/crates.io-index)",
 "crossterm_winapi 0.1.2 (registry+https://github.com/rust-lang/crates.io-index)",
 "winapi 0.3.7 (registry+https://github.com/rust-lang/crates.io-index)",
]

[[package]]
name = "crossterm_terminal"
version = "0.2.2"
source = "registry+https://github.com/rust-lang/crates.io-index"
dependencies = [
 "crossterm_cursor 0.2.1 (registry+https://github.com/rust-lang/crates.io-index)",
 "crossterm_utils 0.2.1 (registry+https://github.com/rust-lang/crates.io-index)",
 "crossterm_winapi 0.1.2 (registry+https://github.com/rust-lang/crates.io-index)",
 "libc 0.2.51 (registry+https://github.com/rust-lang/crates.io-index)",
]

[[package]]
name = "crossterm_utils"
version = "0.2.1"
source = "registry+https://github.com/rust-lang/crates.io-index"
dependencies = [
 "crossterm_winapi 0.1.2 (registry+https://github.com/rust-lang/crates.io-index)",
 "libc 0.2.51 (registry+https://github.com/rust-lang/crates.io-index)",
 "winapi 0.3.7 (registry+https://github.com/rust-lang/crates.io-index)",
]

[[package]]
name = "crossterm_winapi"
version = "0.1.2"
source = "registry+https://github.com/rust-lang/crates.io-index"
dependencies = [
 "winapi 0.3.7 (registry+https://github.com/rust-lang/crates.io-index)",
]

[[package]]
name = "git-spelunk"
version = "0.1.0"
dependencies = [
 "crossterm 0.9.3 (registry+https://github.com/rust-lang/crates.io-index)",
]

[[package]]
name = "libc"
version = "0.2.51"
source = "registry+https://github.com/rust-lang/crates.io-index"

[[package]]
name = "winapi"
version = "0.3.7"
source = "registry+https://github.com/rust-lang/crates.io-index"
dependencies = [
 "winapi-i686-pc-windows-gnu 0.4.0 (registry+https://github.com/rust-lang/crates.io-index)",
 "winapi-x86_64-pc-windows-gnu 0.4.0 (registry+https://github.com/rust-lang/crates.io-index)",
]

[[package]]
name = "winapi-i686-pc-windows-gnu"
version = "0.4.0"
source = "registry+https://github.com/rust-lang/crates.io-index"

[[package]]
name = "winapi-x86_64-pc-windows-gnu"
version = "0.4.0"
source = "registry+https://github.com/rust-lang/crates.io-index"

[metadata]
"checksum crossterm 0.9.3 (registry+https://github.com/rust-lang/crates.io-index)" = "927454c82a994b7c90928f1fd43f9a4203f61490c87901d265db4fd7b46c34d4"
"checksum crossterm_cursor 0.2.1 (registry+https://github.com/rust-lang/crates.io-index)" = "2e5f322497503049f595591096a3b683189a6a99ea2fe949c9225f86424ca092"
"checksum crossterm_input 0.3.3 (registry+https://github.com/rust-lang/crates.io-index)" = "efb6f1a1831fa737172bae7dad530c869c40d39d1b9800819e818ea068cf29cf"
"checksum crossterm_screen 0.2.1 (registry+https://github.com/rust-lang/crates.io-index)" = "95a4430df9097688954bc8735001f81a0d7c7f42497c60936e6a94c1f2c53947"
"checksum crossterm_style 0.3.1 (registry+https://github.com/rust-lang/crates.io-index)" = "13f47876deeda8ae6313756e1910f79314088f39b33b345b7a6c252eefda1b53"
"checksum crossterm_terminal 0.2.2 (registry+https://github.com/rust-lang/crates.io-index)" = "00c9e7fd9c19394c0da7f4279f7017035defe5396f91ca1b0e8b03a0299ebb60"
"checksum crossterm_utils 0.2.1 (registry+https://github.com/rust-lang/crates.io-index)" = "c3b65f38e665bb045b3abe2ee6c0c902e14eb889c08c8dbdf0adab5993c802f6"
"checksum crossterm_winapi 0.1.2 (registry+https://github.com/rust-lang/crates.io-index)" = "71dc52848cd3c5e06d5d0e193c0d64ce93b71502e124723a33bf615ef7089610"
"checksum libc 0.2.51 (registry+https://github.com/rust-lang/crates.io-index)" = "bedcc7a809076656486ffe045abeeac163da1b558e963a31e29fbfbeba916917"
"checksum winapi 0.3.7 (registry+https://github.com/rust-lang/crates.io-index)" = "f10e386af2b13e47c89e7236a7a14a086791a2b88ebad6df9bf42040195cf770"
"checksum winapi-i686-pc-windows-gnu 0.4.0 (registry+https://github.com/rust-lang/crates.io-index)" = "ac3b87c63620426dd9b991e5ce0329eff545bccbbb34f3be09ff6fb6ab51b7b6"
"checksum winapi-x86_64-pc-windows-gnu 0.4.0 (registry+https://github.com/rust-lang/crates.io-index)" = "712e227841d057c1ee1cd2fb22fa7e5a5461ae8e48fa2ca79ec42cfc1931183f"
